schema: '2.0'
stages:
  prepare:
    cmd: python src/prepare.py data/data.xml
    deps:
    - path: data/data.xml
      md5: 22a1a2931c8370d3aeedd7183606fd7f
      size: 14445097
    - path: src/prepare.py
      md5: f09ea0c15980b43010257ccb9f0055e2
      size: 1576
    params:
      params.yaml:
        prepare.seed: 20170428
        prepare.split: 0.2
    outs:
    - path: data/prepared
      md5: 153aad06d376b6595932470e459ef42a.dir
      size: 8437363
      nfiles: 2
  featurize:
    cmd: python src/featurization.py data/prepared data/features
    deps:
    - path: data/prepared
      md5: 153aad06d376b6595932470e459ef42a.dir
      size: 8437363
      nfiles: 2
    - path: src/featurization.py
      md5: 264dc9f1f25bb30c87fa18b1ca4fea9d
      size: 2504
    params:
      params.yaml:
        featurize.max_features: 300
        featurize.ngrams: 1
    outs:
    - path: data/features
      md5: b817c14dc2371dd8f4c9399834a6f18d.dir
      size: 2453978
      nfiles: 2
  train:
    cmd: python src/train.py data/features artifacts/models/model.pkl
    deps:
    - path: data/features
      md5: b817c14dc2371dd8f4c9399834a6f18d.dir
      size: 2453978
      nfiles: 2
    - path: src/train.py
      md5: e1c093f6437fa14605a9d630086d5f44
      size: 980
    params:
      params.yaml:
        train.min_split: 0.2
        train.n_est: 50
        train.seed: 20170428
    outs:
    - path: artifacts/models/model.pkl
      md5: 5d8e0c59852f32aa73b1c2f9b33915b8
      size: 196470
  evaluate:
    cmd: python src/evaluate.py artifacts/models/model.pkl data/features
    deps:
    - path: artifacts/models/model.pkl
      md5: 5d8e0c59852f32aa73b1c2f9b33915b8
      size: 196470
    - path: data/features
      md5: b817c14dc2371dd8f4c9399834a6f18d.dir
      size: 2453978
      nfiles: 2
    - path: src/evaluate.py
      md5: 3c79f17a8a677147e70e89ebf3e7dcc2
      size: 2339
    outs:
    - path: artifacts.json
      md5: f1e03512fe9a2107bc35f91116853ef3
      size: 73
    - path: artifacts/plots/confusion_matrix.json
      md5: 9874052f31fdb3c7fb07978ee8677688
      size: 122246
    - path: artifacts/plots/importance.png
      md5: 72a981d9e1f897bfa1ae5c8aeac801cd
      size: 30600
    - path: artifacts/plots/precision_recall.json
      md5: 44f64d3e67bbfacfc34605496771a9dd
      size: 147186
    - path: artifacts/plots/roc.json
      md5: b32fe92a941a87c112081fa9c47532d2
      size: 50868
