schema: '2.0'
stages:
  prepare:
    cmd: python src/prepare.py data/data.xml
    deps:
    - path: data/data.xml
      md5: 22a1a2931c8370d3aeedd7183606fd7f
      size: 14445097
    - path: src/prepare.py
      md5: f09ea0c15980b43010257ccb9f0055e2
      size: 1576
    params:
      params.yaml:
        prepare.seed: 20170428
        prepare.split: 0.2
    outs:
    - path: data/prepared
      md5: 153aad06d376b6595932470e459ef42a.dir
      size: 8437363
      nfiles: 2
  featurize:
    cmd: python src/featurization.py data/prepared data/features
    deps:
    - path: data/prepared
      md5: 153aad06d376b6595932470e459ef42a.dir
      size: 8437363
      nfiles: 2
    - path: src/featurization.py
      md5: 264dc9f1f25bb30c87fa18b1ca4fea9d
      size: 2504
    params:
      params.yaml:
        featurize.max_features: 200
        featurize.ngrams: 2
    outs:
    - path: data/features
      md5: f35d4cc2c552ac959ae602162b8543f3.dir
      size: 2232588
      nfiles: 2
  train:
    cmd: python src/train.py data/features artifacts/models/model.pkl
    deps:
    - path: data/features
      md5: f35d4cc2c552ac959ae602162b8543f3.dir
      size: 2232588
      nfiles: 2
    - path: src/train.py
      md5: e1c093f6437fa14605a9d630086d5f44
      size: 980
    params:
      params.yaml:
        train.min_split: 0.2
        train.n_est: 50
        train.seed: 20170428
    outs:
    - path: artifacts/models/model.pkl
      md5: f67b3a50598a5cbf4b24b0dd05eb8db9
      size: 175774
  evaluate:
    cmd: python src/evaluate.py artifacts/models/model.pkl data/features
    deps:
    - path: artifacts/models/model.pkl
      md5: f67b3a50598a5cbf4b24b0dd05eb8db9
      size: 175774
    - path: data/features
      md5: f35d4cc2c552ac959ae602162b8543f3.dir
      size: 2232588
      nfiles: 2
    - path: src/evaluate.py
      md5: 3c79f17a8a677147e70e89ebf3e7dcc2
      size: 2339
    outs:
    - path: artifacts.json
      md5: 0b7c2242e86d9f038d5f2b2a249b7cf9
      size: 72
    - path: artifacts/plots/confusion_matrix.json
      md5: d68c9cab80d753767cb70bdecddc26f0
      size: 122246
    - path: artifacts/plots/importance.png
      md5: cd28098fb90f1e6964890ea81442804c
      size: 32187
    - path: artifacts/plots/precision_recall.json
      md5: 2656964e93af8218ca42018fb10817d0
      size: 144093
    - path: artifacts/plots/roc.json
      md5: 55c5c7d4e885cc6069ad72daa467932a
      size: 56923
